
Microsoft Visual Studio Solution File, Format Version 12.00
# Visual Studio Version 17
VisualStudioVersion = 17.4.33110.190
MinimumVisualStudioVersion = 10.0.40219.1
Project("{FAE04EC0-301F-11D3-BF4B-00C04F79EFBC}") = "Increments Grid", "Increments Grid.csproj", "{FC4F0B27-6FD4-40EF-A2C3-807388E5B83D}"
EndProject
Global
	GlobalSection(SolutionConfigurationPlatforms) = preSolution
		Debug|Any CPU = Debug|Any CPU
		Release|Any CPU = Release|Any CPU
	EndGlobalSection
	GlobalSection(ProjectConfigurationPlatforms) = postSolution
		{FC4F0B27-6FD4-40EF-A2C3-807388E5B83D}.Debug|Any CPU.ActiveCfg = Debug|Any CPU
		{FC4F0B27-6FD4-40EF-A2C3-807388E5B83D}.Debug|Any CPU.Build.0 = Debug|Any CPU
		{FC4F0B27-6FD4-40EF-A2C3-807388E5B83D}.Release|Any CPU.ActiveCfg = Release|Any CPU
		{FC4F0B27-6FD4-40EF-A2C3-807388E5B83D}.Release|Any CPU.Build.0 = Release|Any CPU
	EndGlobalSection
	GlobalSection(SolutionProperties) = preSolution
		HideSolutionNode = FALSE
	EndGlobalSection
	GlobalSection(ExtensibilityGlobals) = postSolution
		SolutionGuid = {A177B9A0-287C-4B63-8F9E-4129C654EB79}
	EndGlobalSection
EndGlobal
